
Microsoft Visual Studio Solution File, Format Version 12.00
# Visual Studio Version 17
VisualStudioVersion = 17.5.33502.453
MinimumVisualStudioVersion = 10.0.40219.1
Project("{FAE04EC0-301F-11D3-BF4B-00C04F79EFBC}") = "FptBookStore", "FptBookStore.csproj", "{8F663334-E5E8-4D26-B0F9-559535F87256}"
EndProject
Global
	GlobalSection(SolutionConfigurationPlatforms) = preSolution
		Debug|Any CPU = Debug|Any CPU
		Release|Any CPU = Release|Any CPU
	EndGlobalSection
	GlobalSection(ProjectConfigurationPlatforms) = postSolution
		{8F663334-E5E8-4D26-B0F9-559535F87256}.Debug|Any CPU.ActiveCfg = Debug|Any CPU
		{8F663334-E5E8-4D26-B0F9-559535F87256}.Debug|Any CPU.Build.0 = Debug|Any CPU
		{8F663334-E5E8-4D26-B0F9-559535F87256}.Release|Any CPU.ActiveCfg = Release|Any CPU
		{8F663334-E5E8-4D26-B0F9-559535F87256}.Release|Any CPU.Build.0 = Release|Any CPU
	EndGlobalSection
	GlobalSection(SolutionProperties) = preSolution
		HideSolutionNode = FALSE
	EndGlobalSection
	GlobalSection(ExtensibilityGlobals) = postSolution
		SolutionGuid = {ED818FF4-595A-4D44-8023-779B29BC2ED3}
	EndGlobalSection
EndGlobal
